<?xml version="1.0" encoding="utf-8"?>
<Project ToolsVersion="4.0" xmlns="http://schemas.microsoft.com/developer/msbuild/2003">
  <ItemGroup>
    <Filter Include="源文件">
      <UniqueIdentifier>{4FC737F1-C7A5-4376-A066-2A32D752A2FF}</UniqueIdentifier>
      <Extensions>cpp;c;cc;cxx;def;odl;idl;hpj;bat;asm;asmx</Extensions>
    </Filter>
    <Filter Include="头文件">
      <UniqueIdentifier>{93995380-89BD-4b04-88EB-625FBE52EBFB}</UniqueIdentifier>
      <Extensions>h;hh;hpp;hxx;hm;inl;inc;ipp;xsd</Extensions>
    </Filter>
    <Filter Include="资源文件">
      <UniqueIdentifier>{67DA6AB6-F800-4c08-8B7A-83BB121AAD01}</UniqueIdentifier>
      <Extensions>rc;ico;cur;bmp;dlg;rc2;rct;bin;rgs;gif;jpg;jpeg;jpe;resx;tiff;tif;png;wav;mfcribbon-ms</Extensions>
    </Filter>
  </ItemGroup>
  <ItemGroup>
    <ClCompile Include="实型.cpp">
      <Filter>源文件</Filter>
    </ClCompile>
    <ClCompile Include="字符.cpp">
      <Filter>源文件</Filter>
    </ClCompile>
    <ClCompile Include="转义字符.cpp">
      <Filter>源文件</Filter>
    </ClCompile>
    <ClCompile Include="字符串.cpp">
      <Filter>源文件</Filter>
    </ClCompile>
    <ClCompile Include="多条件if.cpp">
      <Filter>源文件</Filter>
    </ClCompile>
    <ClCompile Include="三只小猪.cpp">
      <Filter>源文件</Filter>
    </ClCompile>
    <ClCompile Include="猜数字.cpp">
      <Filter>源文件</Filter>
    </ClCompile>
    <ClCompile Include="水仙花数.cpp">
      <Filter>源文件</Filter>
    </ClCompile>
    <ClCompile Include="拍桌子.cpp">
      <Filter>源文件</Filter>
    </ClCompile>
    <ClCompile Include="嵌套循环.cpp">
      <Filter>源文件</Filter>
    </ClCompile>
    <ClCompile Include="乘法口诀表.cpp">
      <Filter>源文件</Filter>
    </ClCompile>
    <ClCompile Include="跳转语句goto.cpp">
      <Filter>源文件</Filter>
    </ClCompile>
    <ClCompile Include="数组5只小猪.cpp">
      <Filter>源文件</Filter>
    </ClCompile>
    <ClCompile Include="数组逆置.cpp">
      <Filter>源文件</Filter>
    </ClCompile>
    <ClCompile Include="冒泡排序.cpp">
      <Filter>源文件</Filter>
    </ClCompile>
    <ClCompile Include="二维数组.cpp">
      <Filter>源文件</Filter>
    </ClCompile>
    <ClCompile Include="考试成绩统计.cpp">
      <Filter>源文件</Filter>
    </ClCompile>
    <ClCompile Include="函数.cpp">
      <Filter>源文件</Filter>
    </ClCompile>
    <ClCompile Include="分文件.cpp">
      <Filter>源文件</Filter>
    </ClCompile>
    <ClCompile Include="swap.cpp">
      <Filter>源文件</Filter>
    </ClCompile>
    <ClCompile Include="指针.cpp">
      <Filter>源文件</Filter>
    </ClCompile>
    <ClCompile Include="数组指针.cpp">
      <Filter>源文件</Filter>
    </ClCompile>
    <ClCompile Include="指针函数.cpp">
      <Filter>源文件</Filter>
    </ClCompile>
    <ClCompile Include="指针+数组+函数冒泡排序.cpp">
      <Filter>源文件</Filter>
    </ClCompile>
    <ClCompile Include="结构体.cpp">
      <Filter>源文件</Filter>
    </ClCompile>
    <ClCompile Include="结构体数组.cpp">
      <Filter>源文件</Filter>
    </ClCompile>
    <ClCompile Include="结构体指针.cpp">
      <Filter>源文件</Filter>
    </ClCompile>
    <ClCompile Include="嵌套结构体.cpp">
      <Filter>源文件</Filter>
    </ClCompile>
    <ClCompile Include="结构体做函数参数.cpp">
      <Filter>源文件</Filter>
    </ClCompile>
    <ClCompile Include="结构体案例.cpp">
      <Filter>源文件</Filter>
    </ClCompile>
    <ClCompile Include="结构体案例2cpp.cpp">
      <Filter>源文件</Filter>
    </ClCompile>
    <ClCompile Include="内存四区.cpp">
      <Filter>源文件</Filter>
    </ClCompile>
    <ClCompile Include="new开辟堆区内存.cpp">
      <Filter>源文件</Filter>
    </ClCompile>
    <ClCompile Include="引用.cpp">
      <Filter>源文件</Filter>
    </ClCompile>
    <ClCompile Include="引用作函数参数.cpp">
      <Filter>源文件</Filter>
    </ClCompile>
    <ClCompile Include="引用做函数返回值.cpp">
      <Filter>源文件</Filter>
    </ClCompile>
    <ClCompile Include="常量引用.cpp">
      <Filter>源文件</Filter>
    </ClCompile>
    <ClCompile Include="函数重载.cpp">
      <Filter>源文件</Filter>
    </ClCompile>
    <ClCompile Include="类和对象-封装-属性行为作为整体.cpp">
      <Filter>源文件</Filter>
    </ClCompile>
    <ClCompile Include="类和对象-封装-访问权限.cpp">
      <Filter>源文件</Filter>
    </ClCompile>
    <ClCompile Include="类和结构体区别.cpp">
      <Filter>源文件</Filter>
    </ClCompile>
    <ClCompile Include="类和对象案例一.cpp">
      <Filter>源文件</Filter>
    </ClCompile>
    <ClCompile Include="类和对象案例2.cpp">
      <Filter>源文件</Filter>
    </ClCompile>
    <ClCompile Include="point.cpp">
      <Filter>源文件</Filter>
    </ClCompile>
    <ClCompile Include="circle.cpp">
      <Filter>源文件</Filter>
    </ClCompile>
    <ClCompile Include="类和对象-构造析构函数.cpp">
      <Filter>源文件</Filter>
    </ClCompile>
    <ClCompile Include="类和对象-构造函数分类及调用.cpp">
      <Filter>源文件</Filter>
    </ClCompile>
    <ClCompile Include="类和对象-拷贝构造函数调用时机.cpp">
      <Filter>源文件</Filter>
    </ClCompile>
    <ClCompile Include="类和对象-构造函数调用规则.cpp">
      <Filter>源文件</Filter>
    </ClCompile>
    <ClCompile Include="类和对象-深拷贝与浅拷贝.cpp">
      <Filter>源文件</Filter>
    </ClCompile>
    <ClCompile Include="类和对象-初始化列表.cpp">
      <Filter>源文件</Filter>
    </ClCompile>
    <ClCompile Include="类和对象-类对象作为类成员.cpp">
      <Filter>源文件</Filter>
    </ClCompile>
    <ClCompile Include="类和对象-static成员函数.cpp">
      <Filter>源文件</Filter>
    </ClCompile>
    <ClCompile Include="类和对象-static成员变量.cpp">
      <Filter>源文件</Filter>
    </ClCompile>
    <ClCompile Include="类和对象-分开存储成员变量成员函数.cpp">
      <Filter>源文件</Filter>
    </ClCompile>
    <ClCompile Include="类和对象-this指针.cpp">
      <Filter>源文件</Filter>
    </ClCompile>
    <ClCompile Include="类和对象-const修饰类成员函数和对象.cpp">
      <Filter>源文件</Filter>
    </ClCompile>
    <ClCompile Include="类和对象-类做友元.cpp">
      <Filter>源文件</Filter>
    </ClCompile>
    <ClCompile Include="类和对象-全局函数做友元.cpp">
      <Filter>源文件</Filter>
    </ClCompile>
    <ClCompile Include="类和对象-加号运算符重载.cpp">
      <Filter>源文件</Filter>
    </ClCompile>
    <ClCompile Include="类和对象-左移运算符重载.cpp">
      <Filter>源文件</Filter>
    </ClCompile>
    <ClCompile Include="类和对象-递增运算符重载.cpp">
      <Filter>源文件</Filter>
    </ClCompile>
    <ClCompile Include="类和对象-赋值运算符重载.cpp">
      <Filter>源文件</Filter>
    </ClCompile>
    <ClCompile Include="类和对象-关系运算符重载.cpp">
      <Filter>源文件</Filter>
    </ClCompile>
    <ClCompile Include="类和对象-函数调用运算符重载.cpp">
      <Filter>源文件</Filter>
    </ClCompile>
    <ClCompile Include="继承.cpp">
      <Filter>源文件</Filter>
    </ClCompile>
    <ClCompile Include="继承-继承方式.cpp">
      <Filter>源文件</Filter>
    </ClCompile>
    <ClCompile Include="继承-同名静态成员处理.cpp">
      <Filter>源文件</Filter>
    </ClCompile>
    <ClCompile Include="继承-菱形继承.cpp">
      <Filter>源文件</Filter>
    </ClCompile>
    <ClCompile Include="多态-多态的基本语法.cpp">
      <Filter>源文件</Filter>
    </ClCompile>
    <ClCompile Include="多态-多态的原理剖析.cpp">
      <Filter>源文件</Filter>
    </ClCompile>
    <ClCompile Include="多态-案例1-计算器类.cpp">
      <Filter>源文件</Filter>
    </ClCompile>
    <ClCompile Include="多态纯虚函数和抽象类.cpp">
      <Filter>源文件</Filter>
    </ClCompile>
    <ClCompile Include="多态-制作饮品.cpp">
      <Filter>源文件</Filter>
    </ClCompile>
    <ClCompile Include="多态-虚析构和纯虚析构.cpp">
      <Filter>源文件</Filter>
    </ClCompile>
    <ClCompile Include="多态-案例3-电脑组装需求分析.cpp">
      <Filter>源文件</Filter>
    </ClCompile>
    <ClCompile Include="文件操作-写文本文件.cpp">
      <Filter>源文件</Filter>
    </ClCompile>
    <ClCompile Include="文件操作-读文本文件.cpp">
      <Filter>源文件</Filter>
    </ClCompile>
    <ClCompile Include="文件操作-写二进制文件.cpp">
      <Filter>源文件</Filter>
    </ClCompile>
    <ClCompile Include="文件操作-读二进制文件.cpp">
      <Filter>源文件</Filter>
    </ClCompile>
    <ClCompile Include="多态-职工管理系统-第一版.cpp">
      <Filter>源文件</Filter>
    </ClCompile>
    <ClCompile Include="模板-基本语法.cpp">
      <Filter>源文件</Filter>
    </ClCompile>
    <ClCompile Include="模板-模板函数注意事项.cpp">
      <Filter>源文件</Filter>
    </ClCompile>
    <ClCompile Include="模板-函数模板案例排序.cpp">
      <Filter>源文件</Filter>
    </ClCompile>
    <ClCompile Include="模板-普通函数与函数模板的区别.cpp">
      <Filter>源文件</Filter>
    </ClCompile>
    <ClCompile Include="模板-函数模板与普通函数调用规则.cpp">
      <Filter>源文件</Filter>
    </ClCompile>
    <ClCompile Include="模板-模板的局限性.cpp">
      <Filter>源文件</Filter>
    </ClCompile>
    <ClCompile Include="模板-类模板基本语法.cpp">
      <Filter>源文件</Filter>
    </ClCompile>
    <ClCompile Include="模板-类模板和函数模板的区别.cpp">
      <Filter>源文件</Filter>
    </ClCompile>
    <ClCompile Include="模板-类模板中成员函数创建时机.cpp">
      <Filter>源文件</Filter>
    </ClCompile>
    <ClCompile Include="模板-类模板对象做函数参数.cpp">
      <Filter>源文件</Filter>
    </ClCompile>
    <ClCompile Include="模板-类模板与继承.cpp">
      <Filter>源文件</Filter>
    </ClCompile>
    <ClCompile Include="模板-类模板成员函数类外实现.cpp">
      <Filter>源文件</Filter>
    </ClCompile>
    <ClCompile Include="模板-类模板分文件编写.cpp">
      <Filter>源文件</Filter>
    </ClCompile>
    <ClCompile Include="person007.cpp">
      <Filter>源文件</Filter>
    </ClCompile>
    <ClCompile Include="模板-类模板与友元.cpp">
      <Filter>源文件</Filter>
    </ClCompile>
    <ClCompile Include="STL初识-STL基本概念.cpp">
      <Filter>源文件</Filter>
    </ClCompile>
    <ClCompile Include="STL-vector存放内置数据类型.cpp">
      <Filter>源文件</Filter>
    </ClCompile>
    <ClCompile Include="STL-vector存放自定义数据类型.cpp">
      <Filter>源文件</Filter>
    </ClCompile>
    <ClCompile Include="STL-嵌套容器.cpp">
      <Filter>源文件</Filter>
    </ClCompile>
    <ClCompile Include="string容器-构造函数.cpp">
      <Filter>源文件</Filter>
    </ClCompile>
    <ClCompile Include="string容器-赋值操作.cpp">
      <Filter>源文件</Filter>
    </ClCompile>
    <ClCompile Include="string容器-字符串拼接.cpp">
      <Filter>源文件</Filter>
    </ClCompile>
    <ClCompile Include="string容器-字符串查找和替换.cpp">
      <Filter>源文件</Filter>
    </ClCompile>
    <ClCompile Include="string容器-字符串比较.cpp">
      <Filter>源文件</Filter>
    </ClCompile>
    <ClCompile Include="string容器-字符存取.cpp">
      <Filter>源文件</Filter>
    </ClCompile>
    <ClCompile Include="string容器-字符串插入和删除.cpp">
      <Filter>源文件</Filter>
    </ClCompile>
    <ClCompile Include="string容器-子串获取.cpp">
      <Filter>源文件</Filter>
    </ClCompile>
    <ClCompile Include="vector容器-构造函数.cpp">
      <Filter>源文件</Filter>
    </ClCompile>
    <ClCompile Include="vector容器-赋值操作.cpp">
      <Filter>源文件</Filter>
    </ClCompile>
    <ClCompile Include="vector容器-容量和大小.cpp">
      <Filter>源文件</Filter>
    </ClCompile>
    <ClCompile Include="vector容器-插入和删除.cpp">
      <Filter>源文件</Filter>
    </ClCompile>
    <ClCompile Include="vector容器-数据存取cpp.cpp">
      <Filter>源文件</Filter>
    </ClCompile>
    <ClCompile Include="vector容器-互换容器.cpp">
      <Filter>源文件</Filter>
    </ClCompile>
    <ClCompile Include="vector容器-预留空间.cpp">
      <Filter>源文件</Filter>
    </ClCompile>
    <ClCompile Include="deque容器-构造函数.cpp">
      <Filter>源文件</Filter>
    </ClCompile>
    <ClCompile Include="deque容器-赋值操作.cpp">
      <Filter>源文件</Filter>
    </ClCompile>
    <ClCompile Include="deque容器-大小操作.cpp">
      <Filter>源文件</Filter>
    </ClCompile>
    <ClCompile Include="deque容器-插入和删除.cpp">
      <Filter>源文件</Filter>
    </ClCompile>
    <ClCompile Include="deque容器-数据存取.cpp">
      <Filter>源文件</Filter>
    </ClCompile>
    <ClCompile Include="deque容器-排序操作cpp.cpp">
      <Filter>源文件</Filter>
    </ClCompile>
    <ClCompile Include="STL案例1-评委打分cpp.cpp">
      <Filter>源文件</Filter>
    </ClCompile>
    <ClCompile Include="stack容器-基本概念和常用接口.cpp">
      <Filter>源文件</Filter>
    </ClCompile>
    <ClCompile Include="queue容器-基本概念和常用接口.cpp">
      <Filter>源文件</Filter>
    </ClCompile>
    <ClCompile Include="list链表容器-基本概念和构造函数.cpp">
      <Filter>源文件</Filter>
    </ClCompile>
    <ClCompile Include="list容器-赋值和交换.cpp">
      <Filter>源文件</Filter>
    </ClCompile>
    <ClCompile Include="list容器-大小操作.cpp">
      <Filter>源文件</Filter>
    </ClCompile>
    <ClCompile Include="list容器-插入和删除.cpp">
      <Filter>源文件</Filter>
    </ClCompile>
    <ClCompile Include="list容器-数据存取.cpp">
      <Filter>源文件</Filter>
    </ClCompile>
    <ClCompile Include="list容器-反转和排序.cpp">
      <Filter>源文件</Filter>
    </ClCompile>
    <ClCompile Include="list容器-排序案例.cpp">
      <Filter>源文件</Filter>
    </ClCompile>
    <ClCompile Include="set容器-构造和赋值.cpp">
      <Filter>源文件</Filter>
    </ClCompile>
    <ClCompile Include="set容器-查找和统计.cpp">
      <Filter>源文件</Filter>
    </ClCompile>
    <ClCompile Include="set容器-set和multiSet区别.cpp">
      <Filter>源文件</Filter>
    </ClCompile>
    <ClCompile Include="pair对组创建和使用.cpp">
      <Filter>源文件</Filter>
    </ClCompile>
    <ClCompile Include="set容器-内置类型指定排序规则.cpp">
      <Filter>源文件</Filter>
    </ClCompile>
    <ClCompile Include="set容器-自定义数据类型指定排序规则.cpp">
      <Filter>源文件</Filter>
    </ClCompile>
    <ClCompile Include="map容器-构造和赋值.cpp">
      <Filter>源文件</Filter>
    </ClCompile>
    <ClCompile Include="map容器-插入和删除.cpp">
      <Filter>源文件</Filter>
    </ClCompile>
    <ClCompile Include="map容器-排序.cpp">
      <Filter>源文件</Filter>
    </ClCompile>
    <ClCompile Include="STL案例2-员工分组.cpp">
      <Filter>源文件</Filter>
    </ClCompile>
    <ClCompile Include="函数对象(仿函数)-函数对象基本使用.cpp">
      <Filter>源文件</Filter>
    </ClCompile>
    <ClCompile Include="谓词-一元谓词.cpp">
      <Filter>源文件</Filter>
    </ClCompile>
    <ClCompile Include="谓词-二元谓词.cpp">
      <Filter>源文件</Filter>
    </ClCompile>
    <ClCompile Include="内建函数对象-算数仿函数.cpp">
      <Filter>源文件</Filter>
    </ClCompile>
    <ClCompile Include="内建函数对象-关系仿函数.cpp">
      <Filter>源文件</Filter>
    </ClCompile>
    <ClCompile Include="内建函数对象-逻辑仿函数.cpp">
      <Filter>源文件</Filter>
    </ClCompile>
    <ClCompile Include="常用遍历算法-for_each.cpp">
      <Filter>源文件</Filter>
    </ClCompile>
    <ClCompile Include="常用遍历算法-transform.cpp">
      <Filter>源文件</Filter>
    </ClCompile>
    <ClCompile Include="常用查找算法-find.cpp">
      <Filter>源文件</Filter>
    </ClCompile>
    <ClCompile Include="常用查找算法-find_if.cpp">
      <Filter>源文件</Filter>
    </ClCompile>
    <ClCompile Include="常用查找算法-adjacent_find.cpp">
      <Filter>源文件</Filter>
    </ClCompile>
    <ClCompile Include="常用查找算法-binary_search.cpp">
      <Filter>源文件</Filter>
    </ClCompile>
    <ClCompile Include="常用查找算法-count.cpp">
      <Filter>源文件</Filter>
    </ClCompile>
    <ClCompile Include="常用查找算法-count_if.cpp">
      <Filter>源文件</Filter>
    </ClCompile>
    <ClCompile Include="常用排序算法-sort.cpp">
      <Filter>源文件</Filter>
    </ClCompile>
    <ClCompile Include="常用排序算法-reverse.cpp">
      <Filter>源文件</Filter>
    </ClCompile>
    <ClCompile Include="常用拷贝和替换算法-copy.cpp">
      <Filter>源文件</Filter>
    </ClCompile>
    <ClCompile Include="常用拷贝和替换算法-replace.cpp">
      <Filter>源文件</Filter>
    </ClCompile>
    <ClCompile Include="常用拷贝和替换算法-replace_if.cpp">
      <Filter>源文件</Filter>
    </ClCompile>
    <ClCompile Include="常用拷贝和替换算法-swap.cpp">
      <Filter>源文件</Filter>
    </ClCompile>
    <ClCompile Include="常用算数生成算法-accumulate.cpp">
      <Filter>源文件</Filter>
    </ClCompile>
    <ClCompile Include="常用算数生成算法-fill.cpp">
      <Filter>源文件</Filter>
    </ClCompile>
    <ClCompile Include="常用集合算法-set_intersection.cpp">
      <Filter>源文件</Filter>
    </ClCompile>
    <ClCompile Include="常用集合算法-set_union.cpp">
      <Filter>源文件</Filter>
    </ClCompile>
    <ClCompile Include="常用集合算法-set_difference.cpp">
      <Filter>源文件</Filter>
    </ClCompile>
    <ClCompile Include="常用排序算法-merge.cpp">
      <Filter>源文件</Filter>
    </ClCompile>
    <ClCompile Include="常用排序算法-random_shuffle.cpp">
      <Filter>源文件</Filter>
    </ClCompile>
    <ClCompile Include="字母异位词.cpp">
      <Filter>源文件</Filter>
    </ClCompile>
  </ItemGroup>
  <ItemGroup>
    <ClInclude Include="swap.h">
      <Filter>头文件</Filter>
    </ClInclude>
    <ClInclude Include="point.h">
      <Filter>头文件</Filter>
    </ClInclude>
    <ClInclude Include="circle.h">
      <Filter>头文件</Filter>
    </ClInclude>
    <ClInclude Include="person007.h">
      <Filter>头文件</Filter>
    </ClInclude>
    <ClInclude Include="person007.hpp">
      <Filter>头文件</Filter>
    </ClInclude>
  </ItemGroup>
</Project>